{
  "name": "file-management-project-luizodm",
  "version": "1.0.0",
  "lockfileVersion": 3,
  "requires": true,
  "packages": {
    "": {
      "name": "file-management-project-luizodm",
      "version": "1.0.0",
      "license": "ISC",
      "dependencies": {
        "date-difference-calculator-luizodm": "^1.0.0",
        "readline-sync": "^1.4.10"
      }
    },
    "node_modules/date-difference-calculator-luizodm": {
      "version": "1.0.0",
      "resolved": "https://registry.npmjs.org/date-difference-calculator-luizodm/-/date-difference-calculator-luizodm-1.0.0.tgz",
      "integrity": "sha512-3BvYQaRtPAewBQi6jHbCM3rp/gMu5yZgm7m3vWQ1dBoSC5BgWlYq+s0E4OCTvFsMSL0L4obXdpYZgEQ5ill26w=="
    },
    "node_modules/readline-sync": {
      "version": "1.4.10",
      "resolved": "https://registry.npmjs.org/readline-sync/-/readline-sync-1.4.10.tgz",
      "integrity": "sha512-gNva8/6UAe8QYepIQH/jQ2qn91Qj0B9sYjMBBs3QOB8F2CXcKgLxQaJRP76sWVRQt+QU+8fAkCbCvjjMFu7Ycw==",
      "engines": {
        "node": ">= 0.8.0"
      }
    }
  }
}
